
Microsoft Visual Studio Solution File, Format Version 12.00
# Visual Studio Version 16
VisualStudioVersion = 16.0.30523.141
MinimumVisualStudioVersion = 10.0.40219.1
Project("{9A19103F-16F7-4668-BE54-9A1E7A4F7556}") = "Xunit.Extensions.Core", "Xunit.Extensions.Core\Xunit.Extensions.Core.csproj", "{08C4A470-0E4C-4486-9C5E-BD9A764783F0}"
EndProject
Project("{2150E333-8FDC-42A3-9474-1A3956D46DE8}") = "Solution Items", "Solution Items", "{E79DF630-85D6-4526-94F2-F68415F12803}"
	ProjectSection(SolutionItems) = preProject
		.editorconfig = .editorconfig
		.github\workflows\build.yml = .github\workflows\build.yml
		common.props = common.props
		common.targets = common.targets
		LICENSE = LICENSE
		package.props = package.props
		README.md = README.md
	EndProjectSection
EndProject
Project("{9A19103F-16F7-4668-BE54-9A1E7A4F7556}") = "Xunit.Extensions.Tests", "Xunit.Extensions.Tests\Xunit.Extensions.Tests.csproj", "{358C6DF1-F6E3-4EC6-80D8-D4CD4525FD95}"
EndProject
Project("{9A19103F-16F7-4668-BE54-9A1E7A4F7556}") = "Xunit.Extensions.Essentials", "Xunit.Extensions.Essentials\Xunit.Extensions.Essentials.csproj", "{883E4402-3811-40F5-BECA-9A6C971791BF}"
EndProject
Project("{9A19103F-16F7-4668-BE54-9A1E7A4F7556}") = "Xunit.Extensions.Antlr4", "Xunit.Extensions.Antlr4\Xunit.Extensions.Antlr4.csproj", "{940AD62B-E96F-4C60-AC54-DBFFF7B03BBA}"
EndProject
Project("{9A19103F-16F7-4668-BE54-9A1E7A4F7556}") = "Xunit.Extensions.Antlr4.Tests", "Xunit.Extensions.Antlr4.Tests\Xunit.Extensions.Antlr4.Tests.csproj", "{34420BF4-F2D4-4501-B337-9ABCEC989E78}"
EndProject
Project("{9A19103F-16F7-4668-BE54-9A1E7A4F7556}") = "Antlr4.Next", "Antlr4.Next\Antlr4.Next.csproj", "{8F7D53E2-D0F8-46C5-8FB4-717A7C5A7FBA}"
EndProject
Project("{9A19103F-16F7-4668-BE54-9A1E7A4F7556}") = "Xunit.Extensions.Logger", "Xunit.Extensions.Logger\Xunit.Extensions.Logger.csproj", "{5BC5A9B3-F4C4-4B00-8C0E-9BB0D37477EF}"
EndProject
Project("{9A19103F-16F7-4668-BE54-9A1E7A4F7556}") = "Xunit.Extensions.File", "Xunit.Extensions.File\Xunit.Extensions.File.csproj", "{4BF9FAF4-D53B-46E4-A8EF-F9D9DA42AB03}"
EndProject
Global
	GlobalSection(SolutionConfigurationPlatforms) = preSolution
		Debug|Any CPU = Debug|Any CPU
		Release|Any CPU = Release|Any CPU
	EndGlobalSection
	GlobalSection(ProjectConfigurationPlatforms) = postSolution
		{08C4A470-0E4C-4486-9C5E-BD9A764783F0}.Debug|Any CPU.ActiveCfg = Debug|Any CPU
		{08C4A470-0E4C-4486-9C5E-BD9A764783F0}.Debug|Any CPU.Build.0 = Debug|Any CPU
		{08C4A470-0E4C-4486-9C5E-BD9A764783F0}.Release|Any CPU.ActiveCfg = Release|Any CPU
		{08C4A470-0E4C-4486-9C5E-BD9A764783F0}.Release|Any CPU.Build.0 = Release|Any CPU
		{358C6DF1-F6E3-4EC6-80D8-D4CD4525FD95}.Debug|Any CPU.ActiveCfg = Debug|Any CPU
		{358C6DF1-F6E3-4EC6-80D8-D4CD4525FD95}.Debug|Any CPU.Build.0 = Debug|Any CPU
		{358C6DF1-F6E3-4EC6-80D8-D4CD4525FD95}.Release|Any CPU.ActiveCfg = Release|Any CPU
		{358C6DF1-F6E3-4EC6-80D8-D4CD4525FD95}.Release|Any CPU.Build.0 = Release|Any CPU
		{883E4402-3811-40F5-BECA-9A6C971791BF}.Debug|Any CPU.ActiveCfg = Debug|Any CPU
		{883E4402-3811-40F5-BECA-9A6C971791BF}.Debug|Any CPU.Build.0 = Debug|Any CPU
		{883E4402-3811-40F5-BECA-9A6C971791BF}.Release|Any CPU.ActiveCfg = Release|Any CPU
		{883E4402-3811-40F5-BECA-9A6C971791BF}.Release|Any CPU.Build.0 = Release|Any CPU
		{940AD62B-E96F-4C60-AC54-DBFFF7B03BBA}.Debug|Any CPU.ActiveCfg = Debug|Any CPU
		{940AD62B-E96F-4C60-AC54-DBFFF7B03BBA}.Debug|Any CPU.Build.0 = Debug|Any CPU
		{940AD62B-E96F-4C60-AC54-DBFFF7B03BBA}.Release|Any CPU.ActiveCfg = Release|Any CPU
		{940AD62B-E96F-4C60-AC54-DBFFF7B03BBA}.Release|Any CPU.Build.0 = Release|Any CPU
		{34420BF4-F2D4-4501-B337-9ABCEC989E78}.Debug|Any CPU.ActiveCfg = Debug|Any CPU
		{34420BF4-F2D4-4501-B337-9ABCEC989E78}.Debug|Any CPU.Build.0 = Debug|Any CPU
		{34420BF4-F2D4-4501-B337-9ABCEC989E78}.Release|Any CPU.ActiveCfg = Release|Any CPU
		{34420BF4-F2D4-4501-B337-9ABCEC989E78}.Release|Any CPU.Build.0 = Release|Any CPU
		{8F7D53E2-D0F8-46C5-8FB4-717A7C5A7FBA}.Debug|Any CPU.ActiveCfg = Debug|Any CPU
		{8F7D53E2-D0F8-46C5-8FB4-717A7C5A7FBA}.Debug|Any CPU.Build.0 = Debug|Any CPU
		{8F7D53E2-D0F8-46C5-8FB4-717A7C5A7FBA}.Release|Any CPU.ActiveCfg = Release|Any CPU
		{8F7D53E2-D0F8-46C5-8FB4-717A7C5A7FBA}.Release|Any CPU.Build.0 = Release|Any CPU
		{5BC5A9B3-F4C4-4B00-8C0E-9BB0D37477EF}.Debug|Any CPU.ActiveCfg = Debug|Any CPU
		{5BC5A9B3-F4C4-4B00-8C0E-9BB0D37477EF}.Debug|Any CPU.Build.0 = Debug|Any CPU
		{5BC5A9B3-F4C4-4B00-8C0E-9BB0D37477EF}.Release|Any CPU.ActiveCfg = Release|Any CPU
		{5BC5A9B3-F4C4-4B00-8C0E-9BB0D37477EF}.Release|Any CPU.Build.0 = Release|Any CPU
		{4BF9FAF4-D53B-46E4-A8EF-F9D9DA42AB03}.Debug|Any CPU.ActiveCfg = Debug|Any CPU
		{4BF9FAF4-D53B-46E4-A8EF-F9D9DA42AB03}.Debug|Any CPU.Build.0 = Debug|Any CPU
		{4BF9FAF4-D53B-46E4-A8EF-F9D9DA42AB03}.Release|Any CPU.ActiveCfg = Release|Any CPU
		{4BF9FAF4-D53B-46E4-A8EF-F9D9DA42AB03}.Release|Any CPU.Build.0 = Release|Any CPU
	EndGlobalSection
	GlobalSection(SolutionProperties) = preSolution
		HideSolutionNode = FALSE
	EndGlobalSection
	GlobalSection(ExtensibilityGlobals) = postSolution
		SolutionGuid = {A925A222-6B03-4DCC-A75A-9C5B9FA9191D}
	EndGlobalSection
EndGlobal
